<?xml version="1.0" encoding="utf-8"?>
<Project ToolsVersion="4.0" xmlns="http://schemas.microsoft.com/developer/msbuild/2003">
  <ItemGroup>
    <Filter Include="소스 파일">
      <UniqueIdentifier>{4FC737F1-C7A5-4376-A066-2A32D752A2FF}</UniqueIdentifier>
      <Extensions>cpp;c;cc;cxx;def;odl;idl;hpj;bat;asm;asmx</Extensions>
    </Filter>
    <Filter Include="헤더 파일">
      <UniqueIdentifier>{93995380-89BD-4b04-88EB-625FBE52EBFB}</UniqueIdentifier>
      <Extensions>h;hh;hpp;hxx;hm;inl;inc;xsd</Extensions>
    </Filter>
    <Filter Include="리소스 파일">
      <UniqueIdentifier>{67DA6AB6-F800-4c08-8B7A-83BB121AAD01}</UniqueIdentifier>
      <Extensions>rc;ico;cur;bmp;dlg;rc2;rct;bin;rgs;gif;jpg;jpeg;jpe;resx;tiff;tif;png;wav;mfcribbon-ms</Extensions>
    </Filter>
    <Filter Include="소스 파일\NewFilter1">
      <UniqueIdentifier>{c89c85d7-6070-4183-a13d-5779f227dd32}</UniqueIdentifier>
    </Filter>
    <Filter Include="소스 파일\baekjoon">
      <UniqueIdentifier>{2ce7be75-683b-4e52-8aec-13ee41e36297}</UniqueIdentifier>
    </Filter>
    <Filter Include="소스 파일\grammar">
      <UniqueIdentifier>{7ee6baa6-734b-429c-a93d-9070e780112d}</UniqueIdentifier>
    </Filter>
    <Filter Include="소스 파일\grammar\chapter6">
      <UniqueIdentifier>{fee1b55f-5398-4f19-9dee-2a1bd2d61924}</UniqueIdentifier>
    </Filter>
    <Filter Include="소스 파일\grammar\chapter7">
      <UniqueIdentifier>{504eff4c-3f95-4350-83d5-0037b3c30ec5}</UniqueIdentifier>
    </Filter>
    <Filter Include="소스 파일\grammar\chapter8">
      <UniqueIdentifier>{74be30cf-322b-40d4-b7c6-6571f8d04c79}</UniqueIdentifier>
    </Filter>
    <Filter Include="소스 파일\grammar\chapter9">
      <UniqueIdentifier>{7910b00a-0d83-4a08-aee7-bfdd78091d0f}</UniqueIdentifier>
    </Filter>
    <Filter Include="소스 파일\grammar\chapter10">
      <UniqueIdentifier>{9ea68464-b5f5-4367-904c-6c3cc2275b87}</UniqueIdentifier>
    </Filter>
    <Filter Include="소스 파일\grammar\chapter11">
      <UniqueIdentifier>{633bc276-9cd7-447a-9e3c-21f9cba5d8b2}</UniqueIdentifier>
    </Filter>
    <Filter Include="소스 파일\grammar\chapter12">
      <UniqueIdentifier>{487bb704-8340-44e8-869f-9f988944c9bf}</UniqueIdentifier>
    </Filter>
    <Filter Include="소스 파일\grammar\chapter13">
      <UniqueIdentifier>{865f3966-c102-4b80-adba-a0adb766dd8f}</UniqueIdentifier>
    </Filter>
    <Filter Include="소스 파일\grammar\chapter14">
      <UniqueIdentifier>{1b3466cb-70cd-42a4-81d9-9f9dd71b553b}</UniqueIdentifier>
    </Filter>
    <Filter Include="소스 파일\grammar\chapter15">
      <UniqueIdentifier>{8e454ac9-a49b-409b-8be5-00535ac8b217}</UniqueIdentifier>
    </Filter>
    <Filter Include="소스 파일\dataStructure">
      <UniqueIdentifier>{7e27d7e5-b6c9-4b62-8549-26bd5cd2545d}</UniqueIdentifier>
    </Filter>
    <Filter Include="소스 파일\STL">
      <UniqueIdentifier>{8235c91e-d818-4955-825d-02d2eeec724a}</UniqueIdentifier>
    </Filter>
  </ItemGroup>
  <ItemGroup>
    <ClCompile Include="FunctionOverloading01_2.cpp">
      <Filter>소스 파일\NewFilter1</Filter>
    </ClCompile>
    <ClCompile Include="LessonTest6.cpp">
      <Filter>소스 파일\NewFilter1</Filter>
    </ClCompile>
    <ClCompile Include="LessonTest7.cpp">
      <Filter>소스 파일\NewFilter1</Filter>
    </ClCompile>
    <ClCompile Include="LessonTest8.cpp">
      <Filter>소스 파일\NewFilter1</Filter>
    </ClCompile>
    <ClCompile Include="LessonTest9.cpp">
      <Filter>소스 파일\NewFilter1</Filter>
    </ClCompile>
    <ClCompile Include="LessonTest9_2.cpp">
      <Filter>소스 파일\NewFilter1</Filter>
    </ClCompile>
    <ClCompile Include="LessonTest11.cpp">
      <Filter>소스 파일\NewFilter1</Filter>
    </ClCompile>
    <ClCompile Include="LessonTest12.cpp">
      <Filter>소스 파일\NewFilter1</Filter>
    </ClCompile>
    <ClCompile Include="NameSp3.cpp">
      <Filter>소스 파일\NewFilter1</Filter>
    </ClCompile>
    <ClCompile Include="Sample1%28class%29.cpp">
      <Filter>소스 파일\NewFilter1</Filter>
    </ClCompile>
    <ClCompile Include="Sample6.cpp">
      <Filter>소스 파일\NewFilter1</Filter>
    </ClCompile>
    <ClCompile Include="Sample8.cpp">
      <Filter>소스 파일\NewFilter1</Filter>
    </ClCompile>
    <ClCompile Include="Sample13.cpp">
      <Filter>소스 파일\NewFilter1</Filter>
    </ClCompile>
    <ClCompile Include="1924.cpp">
      <Filter>소스 파일\baekjoon</Filter>
    </ClCompile>
    <ClCompile Include="2839.cpp">
      <Filter>소스 파일\baekjoon</Filter>
    </ClCompile>
    <ClCompile Include="for_star.cpp">
      <Filter>소스 파일\baekjoon</Filter>
    </ClCompile>
    <ClCompile Include="11720.cpp">
      <Filter>소스 파일\baekjoon</Filter>
    </ClCompile>
    <ClCompile Include="11721.cpp">
      <Filter>소스 파일\baekjoon</Filter>
    </ClCompile>
    <ClCompile Include="10817.cpp">
      <Filter>소스 파일\baekjoon</Filter>
    </ClCompile>
    <ClCompile Include="10871.cpp">
      <Filter>소스 파일\baekjoon</Filter>
    </ClCompile>
    <ClCompile Include="1546.cpp">
      <Filter>소스 파일\baekjoon</Filter>
    </ClCompile>
    <ClCompile Include="4344.cpp">
      <Filter>소스 파일\baekjoon</Filter>
    </ClCompile>
    <ClCompile Include="9498.cpp">
      <Filter>소스 파일\baekjoon</Filter>
    </ClCompile>
    <ClCompile Include="1110.cpp">
      <Filter>소스 파일\baekjoon</Filter>
    </ClCompile>
    <ClCompile Include="8393.cpp">
      <Filter>소스 파일\baekjoon</Filter>
    </ClCompile>
    <ClCompile Include="02-1 call-by-reference.cpp">
      <Filter>소스 파일\grammar</Filter>
    </ClCompile>
    <ClCompile Include="02-1_3.cpp">
      <Filter>소스 파일\grammar</Filter>
    </ClCompile>
    <ClCompile Include="02-2.cpp">
      <Filter>소스 파일\grammar</Filter>
    </ClCompile>
    <ClCompile Include="02-3.cpp">
      <Filter>소스 파일\grammar</Filter>
    </ClCompile>
    <ClCompile Include="03-1.cpp">
      <Filter>소스 파일\grammar</Filter>
    </ClCompile>
    <ClCompile Include="03-2.cpp">
      <Filter>소스 파일\grammar</Filter>
    </ClCompile>
    <ClCompile Include="04-2.cpp">
      <Filter>소스 파일\grammar</Filter>
    </ClCompile>
    <ClCompile Include="04-3_2.cpp">
      <Filter>소스 파일\grammar</Filter>
    </ClCompile>
    <ClCompile Include="Cal.cpp">
      <Filter>소스 파일\grammar</Filter>
    </ClCompile>
    <ClCompile Include="Car.cpp">
      <Filter>소스 파일\grammar</Filter>
    </ClCompile>
    <ClCompile Include="ClassInit.cpp">
      <Filter>소스 파일\grammar</Filter>
    </ClCompile>
    <ClCompile Include="Constructor1.cpp">
      <Filter>소스 파일\grammar</Filter>
    </ClCompile>
    <ClCompile Include="Encaps1.cpp">
      <Filter>소스 파일\grammar</Filter>
    </ClCompile>
    <ClCompile Include="IKnowTempObj.cpp">
      <Filter>소스 파일\grammar</Filter>
    </ClCompile>
    <ClCompile Include="NewDelete.cpp">
      <Filter>소스 파일\grammar</Filter>
    </ClCompile>
    <ClCompile Include="OOPProjectLevel_01.cpp">
      <Filter>소스 파일\grammar</Filter>
    </ClCompile>
    <ClCompile Include="OOPProjectLevel_02.cpp">
      <Filter>소스 파일\grammar</Filter>
    </ClCompile>
    <ClCompile Include="OOPProjectLevel_03.cpp">
      <Filter>소스 파일\grammar</Filter>
    </ClCompile>
    <ClCompile Include="PassObjCopycon.cpp">
      <Filter>소스 파일\grammar</Filter>
    </ClCompile>
    <ClCompile Include="RacingCarClassBase.cpp">
      <Filter>소스 파일\grammar</Filter>
    </ClCompile>
    <ClCompile Include="RacingMain.cpp">
      <Filter>소스 파일\grammar</Filter>
    </ClCompile>
    <ClCompile Include="RefPtr.cpp">
      <Filter>소스 파일\grammar</Filter>
    </ClCompile>
    <ClCompile Include="RefReturnTwo.cpp">
      <Filter>소스 파일\grammar</Filter>
    </ClCompile>
    <ClCompile Include="ReturnObjCopycon.cpp">
      <Filter>소스 파일\grammar</Filter>
    </ClCompile>
    <ClCompile Include="ReturnObjDeadTime.cpp">
      <Filter>소스 파일\grammar</Filter>
    </ClCompile>
    <ClCompile Include="ShallowCopyError.cpp">
      <Filter>소스 파일\grammar</Filter>
    </ClCompile>
    <ClCompile Include="ConstObject.cpp">
      <Filter>소스 파일\grammar\chapter6</Filter>
    </ClCompile>
    <ClCompile Include="ConstOverloading.cpp">
      <Filter>소스 파일\grammar\chapter6</Filter>
    </ClCompile>
    <ClCompile Include="MyFriendClass.cpp">
      <Filter>소스 파일\grammar\chapter6</Filter>
    </ClCompile>
    <ClCompile Include="4673.cpp">
      <Filter>소스 파일\baekjoon</Filter>
    </ClCompile>
    <ClCompile Include="UnivStudentinheri.cpp">
      <Filter>소스 파일\grammar\chapter7</Filter>
    </ClCompile>
    <ClCompile Include="DerivCreOrder.cpp">
      <Filter>소스 파일\grammar\chapter7</Filter>
    </ClCompile>
    <ClCompile Include="DerivDestOrder.cpp">
      <Filter>소스 파일\grammar\chapter7</Filter>
    </ClCompile>
    <ClCompile Include="07-1_1[call of constructor and inheritance].cpp">
      <Filter>소스 파일\grammar\chapter7</Filter>
    </ClCompile>
    <ClCompile Include="07-1_2.cpp">
      <Filter>소스 파일\grammar\chapter7</Filter>
    </ClCompile>
    <ClCompile Include="ProtectedHeri.cpp">
      <Filter>소스 파일\grammar\chapter7</Filter>
    </ClCompile>
    <ClCompile Include="ISAInheritance.cpp">
      <Filter>소스 파일\grammar\chapter7</Filter>
    </ClCompile>
    <ClCompile Include="HASInheritance.cpp">
      <Filter>소스 파일\grammar\chapter7</Filter>
    </ClCompile>
    <ClCompile Include="HASComposite.cpp">
      <Filter>소스 파일\grammar\chapter7</Filter>
    </ClCompile>
    <ClCompile Include="07-2_1.cpp">
      <Filter>소스 파일\grammar\chapter7</Filter>
    </ClCompile>
    <ClCompile Include="07-2_2.cpp">
      <Filter>소스 파일\grammar\chapter7</Filter>
    </ClCompile>
    <ClCompile Include="07-2_2_another.cpp">
      <Filter>소스 파일\grammar\chapter7</Filter>
    </ClCompile>
    <ClCompile Include="OOPProjectLevel_05.cpp">
      <Filter>소스 파일\grammar\chapter7</Filter>
    </ClCompile>
    <ClCompile Include="EmployeeManager2.cpp">
      <Filter>소스 파일\grammar\chapter8</Filter>
    </ClCompile>
    <ClCompile Include="EmployeeManager3.cpp">
      <Filter>소스 파일\grammar\chapter8</Filter>
    </ClCompile>
    <ClCompile Include="FunctionOverride.cpp">
      <Filter>소스 파일\grammar\chapter8</Filter>
    </ClCompile>
    <ClCompile Include="EmployeeManager4.cpp">
      <Filter>소스 파일\grammar\chapter8</Filter>
    </ClCompile>
    <ClCompile Include="08-1.cpp">
      <Filter>소스 파일\grammar\chapter8</Filter>
    </ClCompile>
    <ClCompile Include="VirtualDestructor.cpp">
      <Filter>소스 파일\grammar\chapter8</Filter>
    </ClCompile>
    <ClCompile Include="ReferenceAttribute.cpp">
      <Filter>소스 파일\grammar\chapter8</Filter>
    </ClCompile>
    <ClCompile Include="OOPProjectLevel_06.cpp">
      <Filter>소스 파일\grammar\chapter8</Filter>
    </ClCompile>
    <ClCompile Include="RealObjUnder1.cpp">
      <Filter>소스 파일\grammar\chapter9</Filter>
    </ClCompile>
    <ClCompile Include="ReaObjUnder2.cpp">
      <Filter>소스 파일\grammar\chapter9</Filter>
    </ClCompile>
    <ClCompile Include="VirtualInternalcpp.cpp">
      <Filter>소스 파일\grammar\chapter9</Filter>
    </ClCompile>
    <ClCompile Include="Account.cpp">
      <Filter>소스 파일\grammar\chapter9</Filter>
    </ClCompile>
    <ClCompile Include="BankingSystemMain.cpp">
      <Filter>소스 파일\grammar\chapter9</Filter>
    </ClCompile>
    <ClCompile Include="AccountHandler.cpp">
      <Filter>소스 파일\grammar\chapter9</Filter>
    </ClCompile>
    <ClCompile Include="1065_sequence.cpp">
      <Filter>소스 파일\baekjoon</Filter>
    </ClCompile>
    <ClCompile Include="OverloadingOperation.cpp">
      <Filter>소스 파일\grammar\chapter10</Filter>
    </ClCompile>
    <ClCompile Include="GFunctionOverloadingcpp.cpp">
      <Filter>소스 파일\grammar\chapter10</Filter>
    </ClCompile>
    <ClCompile Include="10-1_1.cpp">
      <Filter>소스 파일\grammar\chapter10</Filter>
    </ClCompile>
    <ClCompile Include="OneOpndOverloading.cpp">
      <Filter>소스 파일\grammar\chapter10</Filter>
    </ClCompile>
    <ClCompile Include="10-2.cpp">
      <Filter>소스 파일\grammar\chapter10</Filter>
    </ClCompile>
    <ClCompile Include="PostOpndOverloading.cpp">
      <Filter>소스 파일\grammar\chapter10</Filter>
    </ClCompile>
    <ClCompile Include="PointMultipleOperation.cpp">
      <Filter>소스 파일\grammar\chapter10</Filter>
    </ClCompile>
    <ClCompile Include="CommuMultipleOperation.cpp">
      <Filter>소스 파일\grammar\chapter10</Filter>
    </ClCompile>
    <ClCompile Include="ConsoleOutput.cpp">
      <Filter>소스 파일\grammar\chapter10</Filter>
    </ClCompile>
    <ClCompile Include="PointConsoleOutput.cpp">
      <Filter>소스 파일\grammar\chapter10</Filter>
    </ClCompile>
    <ClCompile Include="10-3.cpp">
      <Filter>소스 파일\grammar\chapter10</Filter>
    </ClCompile>
    <ClCompile Include="FirstOperationOverloading.cpp">
      <Filter>소스 파일\grammar\chapter11</Filter>
    </ClCompile>
    <ClCompile Include="AssignShallowCopyError.cpp">
      <Filter>소스 파일\grammar\chapter11</Filter>
    </ClCompile>
    <ClCompile Include="InheritAssignOperation.cpp">
      <Filter>소스 파일\grammar\chapter11</Filter>
    </ClCompile>
    <ClCompile Include="1152_wordCount.cpp">
      <Filter>소스 파일\baekjoon</Filter>
    </ClCompile>
    <ClCompile Include="2577.cpp">
      <Filter>소스 파일\baekjoon</Filter>
    </ClCompile>
    <ClCompile Include="11-1_1.cpp">
      <Filter>소스 파일\grammar\chapter11</Filter>
    </ClCompile>
    <ClCompile Include="11-1_2.cpp">
      <Filter>소스 파일\grammar\chapter11</Filter>
    </ClCompile>
    <ClCompile Include="ImproveInit.cpp">
      <Filter>소스 파일\grammar\chapter11</Filter>
    </ClCompile>
    <ClCompile Include="ArrayClass.cpp">
      <Filter>소스 파일\grammar\chapter11</Filter>
    </ClCompile>
    <ClCompile Include="8958.cpp">
      <Filter>소스 파일\baekjoon</Filter>
    </ClCompile>
    <ClCompile Include="2920.cpp">
      <Filter>소스 파일\baekjoon</Filter>
    </ClCompile>
    <ClCompile Include="StableConstArryProb.cpp">
      <Filter>소스 파일\grammar\chapter11</Filter>
    </ClCompile>
    <ClCompile Include="StablePointObjArray.cpp">
      <Filter>소스 파일\grammar\chapter11</Filter>
    </ClCompile>
    <ClCompile Include="11-2_1.cpp">
      <Filter>소스 파일\grammar\chapter11</Filter>
    </ClCompile>
    <ClCompile Include="11-2_2.cpp">
      <Filter>소스 파일\grammar\chapter11</Filter>
    </ClCompile>
    <ClCompile Include="STDString.cpp">
      <Filter>소스 파일\grammar\chapter12</Filter>
    </ClCompile>
    <ClCompile Include="StringClass.cpp">
      <Filter>소스 파일\grammar\chapter12</Filter>
    </ClCompile>
    <ClCompile Include="OOPProjectLevel_09.cpp">
      <Filter>소스 파일\grammar\chapter12</Filter>
    </ClCompile>
    <ClCompile Include="AddFunctionTemplate.cpp">
      <Filter>소스 파일\grammar\chapter13</Filter>
    </ClCompile>
    <ClCompile Include="13-1_1.cpp">
      <Filter>소스 파일\grammar\chapter13</Filter>
    </ClCompile>
    <ClCompile Include="13-1_2.cpp">
      <Filter>소스 파일\grammar\chapter13</Filter>
    </ClCompile>
    <ClCompile Include="SpecialFunctionTemplate.cpp">
      <Filter>소스 파일\grammar\chapter13</Filter>
    </ClCompile>
    <ClCompile Include="PointClassTemplate.cpp">
      <Filter>소스 파일\grammar\chapter13</Filter>
    </ClCompile>
    <ClCompile Include="PointClassTemplateFuncDef.cpp">
      <Filter>소스 파일\grammar\chapter13</Filter>
    </ClCompile>
    <ClCompile Include="PointTEmplate.cpp">
      <Filter>소스 파일\grammar\chapter13</Filter>
    </ClCompile>
    <ClCompile Include="PointMain.cpp">
      <Filter>소스 파일\grammar\chapter13</Filter>
    </ClCompile>
    <ClCompile Include="10039.cpp">
      <Filter>소스 파일\baekjoon</Filter>
    </ClCompile>
    <ClCompile Include="15552.cpp">
      <Filter>소스 파일\baekjoon</Filter>
    </ClCompile>
    <ClCompile Include="NewDeleteOverloading.cpp">
      <Filter>소스 파일\grammar\chapter11</Filter>
    </ClCompile>
    <ClCompile Include="PointerOperatorOverloading.cpp">
      <Filter>소스 파일\grammar\chapter11</Filter>
    </ClCompile>
    <ClCompile Include="SmartPointer.cpp">
      <Filter>소스 파일\grammar\chapter11</Filter>
    </ClCompile>
    <ClCompile Include="Functor.cpp">
      <Filter>소스 파일\grammar\chapter11</Filter>
    </ClCompile>
    <ClCompile Include="SortFUnctor.cpp">
      <Filter>소스 파일\grammar\chapter11</Filter>
    </ClCompile>
    <ClCompile Include="13-2.cpp">
      <Filter>소스 파일\grammar\chapter13</Filter>
    </ClCompile>
    <ClCompile Include="Point.cpp">
      <Filter>소스 파일\grammar\chapter14</Filter>
    </ClCompile>
    <ClCompile Include="BoundArrayMain.cpp">
      <Filter>소스 파일\grammar\chapter14</Filter>
    </ClCompile>
    <ClCompile Include="2438.cpp">
      <Filter>소스 파일\baekjoon</Filter>
    </ClCompile>
    <ClCompile Include="2292.cpp">
      <Filter>소스 파일\baekjoon</Filter>
    </ClCompile>
    <ClCompile Include="11654.cpp">
      <Filter>소스 파일\baekjoon</Filter>
    </ClCompile>
    <ClCompile Include="10809.cpp">
      <Filter>소스 파일\baekjoon</Filter>
    </ClCompile>
    <ClCompile Include="2675.cpp">
      <Filter>소스 파일\baekjoon</Filter>
    </ClCompile>
    <ClCompile Include="1157.cpp">
      <Filter>소스 파일\baekjoon</Filter>
    </ClCompile>
    <ClCompile Include="HandlingExceptionTryCatch.cpp">
      <Filter>소스 파일\grammar\chapter15</Filter>
    </ClCompile>
    <ClCompile Include="PassException.cpp">
      <Filter>소스 파일\grammar\chapter15</Filter>
    </ClCompile>
    <ClCompile Include="DiffHandlingPosition.cpp">
      <Filter>소스 파일\grammar\chapter15</Filter>
    </ClCompile>
    <ClCompile Include="StackUnwinding.cpp">
      <Filter>소스 파일\grammar\chapter15</Filter>
    </ClCompile>
    <ClCompile Include="CatchList.cpp">
      <Filter>소스 파일\grammar\chapter15</Filter>
    </ClCompile>
    <ClCompile Include="ATMSim.cpp">
      <Filter>소스 파일\grammar\chapter15</Filter>
    </ClCompile>
    <ClCompile Include="ATMSim2.cpp">
      <Filter>소스 파일\grammar\chapter15</Filter>
    </ClCompile>
    <ClCompile Include="CatchFlow.cpp">
      <Filter>소스 파일\grammar\chapter15</Filter>
    </ClCompile>
    <ClCompile Include="BadAlloc.cpp">
      <Filter>소스 파일\grammar\chapter15</Filter>
    </ClCompile>
    <ClCompile Include="test.cpp">
      <Filter>소스 파일\dataStructure</Filter>
    </ClCompile>
    <ClCompile Include="1316.cpp">
      <Filter>소스 파일\baekjoon</Filter>
    </ClCompile>
    <ClCompile Include="test2.cpp">
      <Filter>소스 파일\dataStructure</Filter>
    </ClCompile>
    <ClCompile Include="2908.cpp">
      <Filter>소스 파일\baekjoon</Filter>
    </ClCompile>
    <ClCompile Include="5622.cpp">
      <Filter>소스 파일\baekjoon</Filter>
    </ClCompile>
    <ClCompile Include="2941.cpp">
      <Filter>소스 파일\baekjoon</Filter>
    </ClCompile>
    <ClCompile Include="chapter04.cpp">
      <Filter>소스 파일\dataStructure</Filter>
    </ClCompile>
    <ClCompile Include="ListA.c">
      <Filter>소스 파일\dataStructure</Filter>
    </ClCompile>
    <ClCompile Include="testSTL.cpp">
      <Filter>소스 파일\STL</Filter>
    </ClCompile>
    <ClCompile Include="1193.cpp">
      <Filter>소스 파일\baekjoon</Filter>
    </ClCompile>
  </ItemGroup>
  <ItemGroup>
    <ClInclude Include="myfunc.h">
      <Filter>헤더 파일</Filter>
    </ClInclude>
    <ClInclude Include="Cal.h">
      <Filter>소스 파일\grammar</Filter>
    </ClInclude>
    <ClInclude Include="Car.h">
      <Filter>소스 파일\grammar</Filter>
    </ClInclude>
    <ClInclude Include="Account.h">
      <Filter>헤더 파일</Filter>
    </ClInclude>
    <ClInclude Include="NormalAccount.h">
      <Filter>헤더 파일</Filter>
    </ClInclude>
    <ClInclude Include="HighCreditAccount.h">
      <Filter>헤더 파일</Filter>
    </ClInclude>
    <ClInclude Include="BankingCommonDecl.h">
      <Filter>헤더 파일</Filter>
    </ClInclude>
    <ClInclude Include="AccountHandler.h">
      <Filter>헤더 파일</Filter>
    </ClInclude>
    <ClInclude Include="ArrayTemplate.h">
      <Filter>소스 파일\grammar\chapter14</Filter>
    </ClInclude>
    <ClInclude Include="Point.h">
      <Filter>소스 파일\grammar\chapter14</Filter>
    </ClInclude>
    <ClInclude Include="PointTemplate.h">
      <Filter>소스 파일\grammar\chapter14</Filter>
    </ClInclude>
    <ClInclude Include="ListA.h">
      <Filter>소스 파일\dataStructure</Filter>
    </ClInclude>
  </ItemGroup>
</Project>